{
  "requires": true,
  "lockfileVersion": 1,
  "dependencies": {
    "episode-parser": {
      "version": "2.0.0",
      "resolved": "https://registry.npmjs.org/episode-parser/-/episode-parser-2.0.0.tgz",
      "integrity": "sha512-2DdTLKSzHO+CO3iN/e+SMYp+tPz5vKBpJSwNvcUucGRPOklGvNk4jJSO0TkANHaYI5P6uZnVtOP0b6NMf7rfHQ=="
    }
  }
}
